
Microsoft Visual Studio Solution File, Format Version 12.00
# Visual Studio Version 17
VisualStudioVersion = 17.2.32616.157
MinimumVisualStudioVersion = 10.0.40219.1
Project("{8BC9CEB8-8B4A-11D0-8D11-00A0C91BC942}") = "Academe", "Academe\Academe.vcxproj", "{50403E8A-DE12-41DB-9849-012BB21AB43A}"
EndProject
Project("{8BC9CEB8-8B4A-11D0-8D11-00A0C91BC942}") = "Fles", "Fles\Fles.vcxproj", "{D3E57671-F634-46D8-9670-31B1A3746633}"
EndProject
Project("{8BC9CEB8-8B4A-11D0-8D11-00A0C91BC942}") = "Network", "Network\Network.vcxproj", "{27D9498D-01D8-44A7-85C7-E32E688D9799}"
EndProject
Project("{8BC9CEB8-8B4A-11D0-8D11-00A0C91BC942}") = "GeometricFigures", "GeometricFigures\GeometricFigures.vcxproj", "{8097ED63-055E-410B-B327-58736509F588}"
EndProject
Project("{8BC9CEB8-8B4A-11D0-8D11-00A0C91BC942}") = "Geometry", "Geometry\Geometry.vcxproj", "{BBE9EEF6-A2B7-4EC5-B4C3-4A06FD7A5239}"
EndProject
Global
	GlobalSection(SolutionConfigurationPlatforms) = preSolution
		Debug|x64 = Debug|x64
		Debug|x86 = Debug|x86
		Release|x64 = Release|x64
		Release|x86 = Release|x86
	EndGlobalSection
	GlobalSection(ProjectConfigurationPlatforms) = postSolution
		{50403E8A-DE12-41DB-9849-012BB21AB43A}.Debug|x64.ActiveCfg = Debug|x64
		{50403E8A-DE12-41DB-9849-012BB21AB43A}.Debug|x64.Build.0 = Debug|x64
		{50403E8A-DE12-41DB-9849-012BB21AB43A}.Debug|x86.ActiveCfg = Debug|Win32
		{50403E8A-DE12-41DB-9849-012BB21AB43A}.Debug|x86.Build.0 = Debug|Win32
		{50403E8A-DE12-41DB-9849-012BB21AB43A}.Release|x64.ActiveCfg = Release|x64
		{50403E8A-DE12-41DB-9849-012BB21AB43A}.Release|x64.Build.0 = Release|x64
		{50403E8A-DE12-41DB-9849-012BB21AB43A}.Release|x86.ActiveCfg = Release|Win32
		{50403E8A-DE12-41DB-9849-012BB21AB43A}.Release|x86.Build.0 = Release|Win32
		{D3E57671-F634-46D8-9670-31B1A3746633}.Debug|x64.ActiveCfg = Debug|x64
		{D3E57671-F634-46D8-9670-31B1A3746633}.Debug|x64.Build.0 = Debug|x64
		{D3E57671-F634-46D8-9670-31B1A3746633}.Debug|x86.ActiveCfg = Debug|Win32
		{D3E57671-F634-46D8-9670-31B1A3746633}.Debug|x86.Build.0 = Debug|Win32
		{D3E57671-F634-46D8-9670-31B1A3746633}.Release|x64.ActiveCfg = Release|x64
		{D3E57671-F634-46D8-9670-31B1A3746633}.Release|x64.Build.0 = Release|x64
		{D3E57671-F634-46D8-9670-31B1A3746633}.Release|x86.ActiveCfg = Release|Win32
		{D3E57671-F634-46D8-9670-31B1A3746633}.Release|x86.Build.0 = Release|Win32
		{27D9498D-01D8-44A7-85C7-E32E688D9799}.Debug|x64.ActiveCfg = Debug|x64
		{27D9498D-01D8-44A7-85C7-E32E688D9799}.Debug|x64.Build.0 = Debug|x64
		{27D9498D-01D8-44A7-85C7-E32E688D9799}.Debug|x86.ActiveCfg = Debug|Win32
		{27D9498D-01D8-44A7-85C7-E32E688D9799}.Debug|x86.Build.0 = Debug|Win32
		{27D9498D-01D8-44A7-85C7-E32E688D9799}.Release|x64.ActiveCfg = Release|x64
		{27D9498D-01D8-44A7-85C7-E32E688D9799}.Release|x64.Build.0 = Release|x64
		{27D9498D-01D8-44A7-85C7-E32E688D9799}.Release|x86.ActiveCfg = Release|Win32
		{27D9498D-01D8-44A7-85C7-E32E688D9799}.Release|x86.Build.0 = Release|Win32
		{8097ED63-055E-410B-B327-58736509F588}.Debug|x64.ActiveCfg = Debug|x64
		{8097ED63-055E-410B-B327-58736509F588}.Debug|x64.Build.0 = Debug|x64
		{8097ED63-055E-410B-B327-58736509F588}.Debug|x86.ActiveCfg = Debug|Win32
		{8097ED63-055E-410B-B327-58736509F588}.Debug|x86.Build.0 = Debug|Win32
		{8097ED63-055E-410B-B327-58736509F588}.Release|x64.ActiveCfg = Release|x64
		{8097ED63-055E-410B-B327-58736509F588}.Release|x64.Build.0 = Release|x64
		{8097ED63-055E-410B-B327-58736509F588}.Release|x86.ActiveCfg = Release|Win32
		{8097ED63-055E-410B-B327-58736509F588}.Release|x86.Build.0 = Release|Win32
		{BBE9EEF6-A2B7-4EC5-B4C3-4A06FD7A5239}.Debug|x64.ActiveCfg = Debug|x64
		{BBE9EEF6-A2B7-4EC5-B4C3-4A06FD7A5239}.Debug|x64.Build.0 = Debug|x64
		{BBE9EEF6-A2B7-4EC5-B4C3-4A06FD7A5239}.Debug|x86.ActiveCfg = Debug|Win32
		{BBE9EEF6-A2B7-4EC5-B4C3-4A06FD7A5239}.Debug|x86.Build.0 = Debug|Win32
		{BBE9EEF6-A2B7-4EC5-B4C3-4A06FD7A5239}.Release|x64.ActiveCfg = Release|x64
		{BBE9EEF6-A2B7-4EC5-B4C3-4A06FD7A5239}.Release|x64.Build.0 = Release|x64
		{BBE9EEF6-A2B7-4EC5-B4C3-4A06FD7A5239}.Release|x86.ActiveCfg = Release|Win32
		{BBE9EEF6-A2B7-4EC5-B4C3-4A06FD7A5239}.Release|x86.Build.0 = Release|Win32
	EndGlobalSection
	GlobalSection(SolutionProperties) = preSolution
		HideSolutionNode = FALSE
	EndGlobalSection
	GlobalSection(ExtensibilityGlobals) = postSolution
		SolutionGuid = {621A97AB-1CE0-477E-90A4-2C39B42DC839}
	EndGlobalSection
EndGlobal
